
Microsoft Visual Studio Solution File, Format Version 12.00
# Visual Studio Version 17
VisualStudioVersion = 17.7.34031.279
MinimumVisualStudioVersion = 10.0.40219.1
Project("{FAE04EC0-301F-11D3-BF4B-00C04F79EFBC}") = "práctica 8", "práctica 8.csproj", "{B8030927-AB97-4526-AD4E-A07D29AD2FA5}"
EndProject
Global
	GlobalSection(SolutionConfigurationPlatforms) = preSolution
		Debug|Any CPU = Debug|Any CPU
		Release|Any CPU = Release|Any CPU
	EndGlobalSection
	GlobalSection(ProjectConfigurationPlatforms) = postSolution
		{B8030927-AB97-4526-AD4E-A07D29AD2FA5}.Debug|Any CPU.ActiveCfg = Debug|Any CPU
		{B8030927-AB97-4526-AD4E-A07D29AD2FA5}.Debug|Any CPU.Build.0 = Debug|Any CPU
		{B8030927-AB97-4526-AD4E-A07D29AD2FA5}.Release|Any CPU.ActiveCfg = Release|Any CPU
		{B8030927-AB97-4526-AD4E-A07D29AD2FA5}.Release|Any CPU.Build.0 = Release|Any CPU
	EndGlobalSection
	GlobalSection(SolutionProperties) = preSolution
		HideSolutionNode = FALSE
	EndGlobalSection
	GlobalSection(ExtensibilityGlobals) = postSolution
		SolutionGuid = {CD83FA04-5D93-4CD7-855F-024B5F6E2A49}
	EndGlobalSection
EndGlobal
